
Microsoft Visual Studio Solution File, Format Version 12.00
# Visual Studio Version 16
VisualStudioVersion = 16.6.30114.105
MinimumVisualStudioVersion = 10.0.40219.1
Project("{6EC3EE1D-3C4E-46DD-8F32-0CC8E7565705}") = "CloudStorage.Server", "CloudStorage.Server\CloudStorage.Server.fsproj", "{8ED5E76C-C1AB-43D0-AB3B-70E8E0787070}"
EndProject
Project("{9A19103F-16F7-4668-BE54-9A1E7A4F7556}") = "CloudStorage.Message", "CloudStorage.Message\CloudStorage.Message.csproj", "{8F743FD9-C2F5-44BA-92E2-D41DD5E1EA86}"
EndProject
Project("{6EC3EE1D-3C4E-46DD-8F32-0CC8E7565705}") = "CloudStorage.Common", "CloudStorage.Common\CloudStorage.Common.fsproj", "{8036F447-F808-4909-88AB-0EBB479A07A3}"
EndProject
Project("{6EC3EE1D-3C4E-46DD-8F32-0CC8E7565705}") = "CloudStorage.Storage.ApiServer", "CloudStorage.Storage.ApiServer\CloudStorage.Storage.ApiServer.fsproj", "{9CCDC727-3A70-4CA7-9AD0-CB6A1663973C}"
EndProject
Project("{6EC3EE1D-3C4E-46DD-8F32-0CC8E7565705}") = "CloudStorage.Storage.DataServer", "CloudStorage.Storage.DataServer\CloudStorage.Storage.DataServer.fsproj", "{CD90A5DC-0CBE-4D79-A21B-ED180F9C9FDC}"
EndProject
Project("{9A19103F-16F7-4668-BE54-9A1E7A4F7556}") = "MD5InterOp", "MD5InterOp\MD5InterOp.csproj", "{0007A6D4-C784-493C-B810-BC41657CA9E2}"
EndProject
Project("{8BC9CEB8-8B4A-11D0-8D11-00A0C91BC942}") = "MD5Lib", "MD5Lib\MD5Lib.vcxproj", "{7C45D9F9-0E2D-4F3E-A31A-49A4CFCED410}"
EndProject
Project("{8BC9CEB8-8B4A-11D0-8D11-00A0C91BC942}") = "GzipLib", "GzipLib\GzipLib.vcxproj", "{5F15D66F-9D4A-4E5C-83DE-5BC068083146}"
EndProject
Project("{6EC3EE1D-3C4E-46DD-8F32-0CC8E7565705}") = "CloudStorage.Storage", "CloudStorage.Storage\CloudStorage.Storage.fsproj", "{555BA439-DEAA-48E9-B98A-2AEAD553B68D}"
EndProject
Project("{FAE04EC0-301F-11D3-BF4B-00C04F79EFBC}") = "FileZipInterOp", "FileZipInterOp\FileZipInterOp.csproj", "{F62AD266-33BE-4212-B8A1-354A033CDC84}"
EndProject
Project("{8BC9CEB8-8B4A-11D0-8D11-00A0C91BC942}") = "FileZip", "FileZip\FileZip.vcxproj", "{EEA6DBAA-8F71-4DC9-A889-20E635C85845}"
EndProject
Global
	GlobalSection(SolutionConfigurationPlatforms) = preSolution
		Debug|Any CPU = Debug|Any CPU
		Debug|x64 = Debug|x64
		Debug|x86 = Debug|x86
		Release|Any CPU = Release|Any CPU
		Release|x64 = Release|x64
		Release|x86 = Release|x86
	EndGlobalSection
	GlobalSection(ProjectConfigurationPlatforms) = postSolution
		{8ED5E76C-C1AB-43D0-AB3B-70E8E0787070}.Debug|Any CPU.ActiveCfg = Debug|Any CPU
		{8ED5E76C-C1AB-43D0-AB3B-70E8E0787070}.Debug|Any CPU.Build.0 = Debug|Any CPU
		{8ED5E76C-C1AB-43D0-AB3B-70E8E0787070}.Debug|x64.ActiveCfg = Debug|Any CPU
		{8ED5E76C-C1AB-43D0-AB3B-70E8E0787070}.Debug|x64.Build.0 = Debug|Any CPU
		{8ED5E76C-C1AB-43D0-AB3B-70E8E0787070}.Debug|x86.ActiveCfg = Debug|Any CPU
		{8ED5E76C-C1AB-43D0-AB3B-70E8E0787070}.Debug|x86.Build.0 = Debug|Any CPU
		{8ED5E76C-C1AB-43D0-AB3B-70E8E0787070}.Release|Any CPU.ActiveCfg = Release|Any CPU
		{8ED5E76C-C1AB-43D0-AB3B-70E8E0787070}.Release|Any CPU.Build.0 = Release|Any CPU
		{8ED5E76C-C1AB-43D0-AB3B-70E8E0787070}.Release|x64.ActiveCfg = Release|Any CPU
		{8ED5E76C-C1AB-43D0-AB3B-70E8E0787070}.Release|x64.Build.0 = Release|Any CPU
		{8ED5E76C-C1AB-43D0-AB3B-70E8E0787070}.Release|x86.ActiveCfg = Release|Any CPU
		{8ED5E76C-C1AB-43D0-AB3B-70E8E0787070}.Release|x86.Build.0 = Release|Any CPU
		{8F743FD9-C2F5-44BA-92E2-D41DD5E1EA86}.Debug|Any CPU.ActiveCfg = Debug|Any CPU
		{8F743FD9-C2F5-44BA-92E2-D41DD5E1EA86}.Debug|Any CPU.Build.0 = Debug|Any CPU
		{8F743FD9-C2F5-44BA-92E2-D41DD5E1EA86}.Debug|x64.ActiveCfg = Debug|Any CPU
		{8F743FD9-C2F5-44BA-92E2-D41DD5E1EA86}.Debug|x64.Build.0 = Debug|Any CPU
		{8F743FD9-C2F5-44BA-92E2-D41DD5E1EA86}.Debug|x86.ActiveCfg = Debug|Any CPU
		{8F743FD9-C2F5-44BA-92E2-D41DD5E1EA86}.Debug|x86.Build.0 = Debug|Any CPU
		{8F743FD9-C2F5-44BA-92E2-D41DD5E1EA86}.Release|Any CPU.ActiveCfg = Release|Any CPU
		{8F743FD9-C2F5-44BA-92E2-D41DD5E1EA86}.Release|Any CPU.Build.0 = Release|Any CPU
		{8F743FD9-C2F5-44BA-92E2-D41DD5E1EA86}.Release|x64.ActiveCfg = Release|Any CPU
		{8F743FD9-C2F5-44BA-92E2-D41DD5E1EA86}.Release|x64.Build.0 = Release|Any CPU
		{8F743FD9-C2F5-44BA-92E2-D41DD5E1EA86}.Release|x86.ActiveCfg = Release|Any CPU
		{8F743FD9-C2F5-44BA-92E2-D41DD5E1EA86}.Release|x86.Build.0 = Release|Any CPU
		{8036F447-F808-4909-88AB-0EBB479A07A3}.Debug|Any CPU.ActiveCfg = Debug|Any CPU
		{8036F447-F808-4909-88AB-0EBB479A07A3}.Debug|Any CPU.Build.0 = Debug|Any CPU
		{8036F447-F808-4909-88AB-0EBB479A07A3}.Debug|x64.ActiveCfg = Debug|Any CPU
		{8036F447-F808-4909-88AB-0EBB479A07A3}.Debug|x64.Build.0 = Debug|Any CPU
		{8036F447-F808-4909-88AB-0EBB479A07A3}.Debug|x86.ActiveCfg = Debug|Any CPU
		{8036F447-F808-4909-88AB-0EBB479A07A3}.Debug|x86.Build.0 = Debug|Any CPU
		{8036F447-F808-4909-88AB-0EBB479A07A3}.Release|Any CPU.ActiveCfg = Release|Any CPU
		{8036F447-F808-4909-88AB-0EBB479A07A3}.Release|Any CPU.Build.0 = Release|Any CPU
		{8036F447-F808-4909-88AB-0EBB479A07A3}.Release|x64.ActiveCfg = Release|Any CPU
		{8036F447-F808-4909-88AB-0EBB479A07A3}.Release|x64.Build.0 = Release|Any CPU
		{8036F447-F808-4909-88AB-0EBB479A07A3}.Release|x86.ActiveCfg = Release|Any CPU
		{8036F447-F808-4909-88AB-0EBB479A07A3}.Release|x86.Build.0 = Release|Any CPU
		{9CCDC727-3A70-4CA7-9AD0-CB6A1663973C}.Debug|Any CPU.ActiveCfg = Debug|Any CPU
		{9CCDC727-3A70-4CA7-9AD0-CB6A1663973C}.Debug|Any CPU.Build.0 = Debug|Any CPU
		{9CCDC727-3A70-4CA7-9AD0-CB6A1663973C}.Debug|x64.ActiveCfg = Debug|Any CPU
		{9CCDC727-3A70-4CA7-9AD0-CB6A1663973C}.Debug|x64.Build.0 = Debug|Any CPU
		{9CCDC727-3A70-4CA7-9AD0-CB6A1663973C}.Debug|x86.ActiveCfg = Debug|Any CPU
		{9CCDC727-3A70-4CA7-9AD0-CB6A1663973C}.Debug|x86.Build.0 = Debug|Any CPU
		{9CCDC727-3A70-4CA7-9AD0-CB6A1663973C}.Release|Any CPU.ActiveCfg = Release|Any CPU
		{9CCDC727-3A70-4CA7-9AD0-CB6A1663973C}.Release|Any CPU.Build.0 = Release|Any CPU
		{9CCDC727-3A70-4CA7-9AD0-CB6A1663973C}.Release|x64.ActiveCfg = Release|Any CPU
		{9CCDC727-3A70-4CA7-9AD0-CB6A1663973C}.Release|x64.Build.0 = Release|Any CPU
		{9CCDC727-3A70-4CA7-9AD0-CB6A1663973C}.Release|x86.ActiveCfg = Release|Any CPU
		{9CCDC727-3A70-4CA7-9AD0-CB6A1663973C}.Release|x86.Build.0 = Release|Any CPU
		{CD90A5DC-0CBE-4D79-A21B-ED180F9C9FDC}.Debug|Any CPU.ActiveCfg = Debug|Any CPU
		{CD90A5DC-0CBE-4D79-A21B-ED180F9C9FDC}.Debug|Any CPU.Build.0 = Debug|Any CPU
		{CD90A5DC-0CBE-4D79-A21B-ED180F9C9FDC}.Debug|x64.ActiveCfg = Debug|Any CPU
		{CD90A5DC-0CBE-4D79-A21B-ED180F9C9FDC}.Debug|x64.Build.0 = Debug|Any CPU
		{CD90A5DC-0CBE-4D79-A21B-ED180F9C9FDC}.Debug|x86.ActiveCfg = Debug|Any CPU
		{CD90A5DC-0CBE-4D79-A21B-ED180F9C9FDC}.Debug|x86.Build.0 = Debug|Any CPU
		{CD90A5DC-0CBE-4D79-A21B-ED180F9C9FDC}.Release|Any CPU.ActiveCfg = Release|Any CPU
		{CD90A5DC-0CBE-4D79-A21B-ED180F9C9FDC}.Release|Any CPU.Build.0 = Release|Any CPU
		{CD90A5DC-0CBE-4D79-A21B-ED180F9C9FDC}.Release|x64.ActiveCfg = Release|Any CPU
		{CD90A5DC-0CBE-4D79-A21B-ED180F9C9FDC}.Release|x64.Build.0 = Release|Any CPU
		{CD90A5DC-0CBE-4D79-A21B-ED180F9C9FDC}.Release|x86.ActiveCfg = Release|Any CPU
		{CD90A5DC-0CBE-4D79-A21B-ED180F9C9FDC}.Release|x86.Build.0 = Release|Any CPU
		{0007A6D4-C784-493C-B810-BC41657CA9E2}.Debug|Any CPU.ActiveCfg = Debug|Any CPU
		{0007A6D4-C784-493C-B810-BC41657CA9E2}.Debug|Any CPU.Build.0 = Debug|Any CPU
		{0007A6D4-C784-493C-B810-BC41657CA9E2}.Debug|x64.ActiveCfg = Debug|Any CPU
		{0007A6D4-C784-493C-B810-BC41657CA9E2}.Debug|x64.Build.0 = Debug|Any CPU
		{0007A6D4-C784-493C-B810-BC41657CA9E2}.Debug|x86.ActiveCfg = Debug|Any CPU
		{0007A6D4-C784-493C-B810-BC41657CA9E2}.Debug|x86.Build.0 = Debug|Any CPU
		{0007A6D4-C784-493C-B810-BC41657CA9E2}.Release|Any CPU.ActiveCfg = Release|Any CPU
		{0007A6D4-C784-493C-B810-BC41657CA9E2}.Release|Any CPU.Build.0 = Release|Any CPU
		{0007A6D4-C784-493C-B810-BC41657CA9E2}.Release|x64.ActiveCfg = Release|Any CPU
		{0007A6D4-C784-493C-B810-BC41657CA9E2}.Release|x64.Build.0 = Release|Any CPU
		{0007A6D4-C784-493C-B810-BC41657CA9E2}.Release|x86.ActiveCfg = Release|Any CPU
		{0007A6D4-C784-493C-B810-BC41657CA9E2}.Release|x86.Build.0 = Release|Any CPU
		{7C45D9F9-0E2D-4F3E-A31A-49A4CFCED410}.Debug|Any CPU.ActiveCfg = Debug|Win32
		{7C45D9F9-0E2D-4F3E-A31A-49A4CFCED410}.Debug|x64.ActiveCfg = Debug|x64
		{7C45D9F9-0E2D-4F3E-A31A-49A4CFCED410}.Debug|x64.Build.0 = Debug|x64
		{7C45D9F9-0E2D-4F3E-A31A-49A4CFCED410}.Debug|x86.ActiveCfg = Debug|Win32
		{7C45D9F9-0E2D-4F3E-A31A-49A4CFCED410}.Debug|x86.Build.0 = Debug|Win32
		{7C45D9F9-0E2D-4F3E-A31A-49A4CFCED410}.Release|Any CPU.ActiveCfg = Release|Win32
		{7C45D9F9-0E2D-4F3E-A31A-49A4CFCED410}.Release|x64.ActiveCfg = Release|x64
		{7C45D9F9-0E2D-4F3E-A31A-49A4CFCED410}.Release|x64.Build.0 = Release|x64
		{7C45D9F9-0E2D-4F3E-A31A-49A4CFCED410}.Release|x86.ActiveCfg = Release|Win32
		{7C45D9F9-0E2D-4F3E-A31A-49A4CFCED410}.Release|x86.Build.0 = Release|Win32
		{5F15D66F-9D4A-4E5C-83DE-5BC068083146}.Debug|Any CPU.ActiveCfg = Debug|Win32
		{5F15D66F-9D4A-4E5C-83DE-5BC068083146}.Debug|x64.ActiveCfg = Debug|x64
		{5F15D66F-9D4A-4E5C-83DE-5BC068083146}.Debug|x64.Build.0 = Debug|x64
		{5F15D66F-9D4A-4E5C-83DE-5BC068083146}.Debug|x86.ActiveCfg = Debug|Win32
		{5F15D66F-9D4A-4E5C-83DE-5BC068083146}.Debug|x86.Build.0 = Debug|Win32
		{5F15D66F-9D4A-4E5C-83DE-5BC068083146}.Release|Any CPU.ActiveCfg = Release|Win32
		{5F15D66F-9D4A-4E5C-83DE-5BC068083146}.Release|x64.ActiveCfg = Release|x64
		{5F15D66F-9D4A-4E5C-83DE-5BC068083146}.Release|x64.Build.0 = Release|x64
		{5F15D66F-9D4A-4E5C-83DE-5BC068083146}.Release|x86.ActiveCfg = Release|Win32
		{5F15D66F-9D4A-4E5C-83DE-5BC068083146}.Release|x86.Build.0 = Release|Win32
		{555BA439-DEAA-48E9-B98A-2AEAD553B68D}.Debug|Any CPU.ActiveCfg = Debug|Any CPU
		{555BA439-DEAA-48E9-B98A-2AEAD553B68D}.Debug|Any CPU.Build.0 = Debug|Any CPU
		{555BA439-DEAA-48E9-B98A-2AEAD553B68D}.Debug|x64.ActiveCfg = Debug|Any CPU
		{555BA439-DEAA-48E9-B98A-2AEAD553B68D}.Debug|x64.Build.0 = Debug|Any CPU
		{555BA439-DEAA-48E9-B98A-2AEAD553B68D}.Debug|x86.ActiveCfg = Debug|Any CPU
		{555BA439-DEAA-48E9-B98A-2AEAD553B68D}.Debug|x86.Build.0 = Debug|Any CPU
		{555BA439-DEAA-48E9-B98A-2AEAD553B68D}.Release|Any CPU.ActiveCfg = Release|Any CPU
		{555BA439-DEAA-48E9-B98A-2AEAD553B68D}.Release|Any CPU.Build.0 = Release|Any CPU
		{555BA439-DEAA-48E9-B98A-2AEAD553B68D}.Release|x64.ActiveCfg = Release|Any CPU
		{555BA439-DEAA-48E9-B98A-2AEAD553B68D}.Release|x64.Build.0 = Release|Any CPU
		{555BA439-DEAA-48E9-B98A-2AEAD553B68D}.Release|x86.ActiveCfg = Release|Any CPU
		{555BA439-DEAA-48E9-B98A-2AEAD553B68D}.Release|x86.Build.0 = Release|Any CPU
		{F62AD266-33BE-4212-B8A1-354A033CDC84}.Debug|Any CPU.ActiveCfg = Debug|Any CPU
		{F62AD266-33BE-4212-B8A1-354A033CDC84}.Debug|Any CPU.Build.0 = Debug|Any CPU
		{F62AD266-33BE-4212-B8A1-354A033CDC84}.Debug|x64.ActiveCfg = Debug|Any CPU
		{F62AD266-33BE-4212-B8A1-354A033CDC84}.Debug|x64.Build.0 = Debug|Any CPU
		{F62AD266-33BE-4212-B8A1-354A033CDC84}.Debug|x86.ActiveCfg = Debug|Any CPU
		{F62AD266-33BE-4212-B8A1-354A033CDC84}.Debug|x86.Build.0 = Debug|Any CPU
		{F62AD266-33BE-4212-B8A1-354A033CDC84}.Release|Any CPU.ActiveCfg = Release|Any CPU
		{F62AD266-33BE-4212-B8A1-354A033CDC84}.Release|Any CPU.Build.0 = Release|Any CPU
		{F62AD266-33BE-4212-B8A1-354A033CDC84}.Release|x64.ActiveCfg = Release|Any CPU
		{F62AD266-33BE-4212-B8A1-354A033CDC84}.Release|x64.Build.0 = Release|Any CPU
		{F62AD266-33BE-4212-B8A1-354A033CDC84}.Release|x86.ActiveCfg = Release|Any CPU
		{F62AD266-33BE-4212-B8A1-354A033CDC84}.Release|x86.Build.0 = Release|Any CPU
		{EEA6DBAA-8F71-4DC9-A889-20E635C85845}.Debug|Any CPU.ActiveCfg = Debug|Win32
		{EEA6DBAA-8F71-4DC9-A889-20E635C85845}.Debug|x64.ActiveCfg = Debug|x64
		{EEA6DBAA-8F71-4DC9-A889-20E635C85845}.Debug|x64.Build.0 = Debug|x64
		{EEA6DBAA-8F71-4DC9-A889-20E635C85845}.Debug|x86.ActiveCfg = Debug|Win32
		{EEA6DBAA-8F71-4DC9-A889-20E635C85845}.Debug|x86.Build.0 = Debug|Win32
		{EEA6DBAA-8F71-4DC9-A889-20E635C85845}.Release|Any CPU.ActiveCfg = Release|Win32
		{EEA6DBAA-8F71-4DC9-A889-20E635C85845}.Release|x64.ActiveCfg = Release|x64
		{EEA6DBAA-8F71-4DC9-A889-20E635C85845}.Release|x64.Build.0 = Release|x64
		{EEA6DBAA-8F71-4DC9-A889-20E635C85845}.Release|x86.ActiveCfg = Release|Win32
		{EEA6DBAA-8F71-4DC9-A889-20E635C85845}.Release|x86.Build.0 = Release|Win32
	EndGlobalSection
	GlobalSection(SolutionProperties) = preSolution
		HideSolutionNode = FALSE
	EndGlobalSection
	GlobalSection(ExtensibilityGlobals) = postSolution
		SolutionGuid = {2CBD2855-E745-4DBC-B3BB-9160DEA6CD29}
	EndGlobalSection
EndGlobal
